<?xml version="1.0" encoding="utf-8"?>
<Project ToolsVersion="4.0" xmlns="http://schemas.microsoft.com/developer/msbuild/2003">
  <ItemGroup>
    <Filter Include="Source Files">
      <UniqueIdentifier>{4FC737F1-C7A5-4376-A066-2A32D752A2FF}</UniqueIdentifier>
      <Extensions>qml;cpp;c;cc;cxx;def;odl;idl;hpj;bat;asm;asmx</Extensions>
    </Filter>
    <Filter Include="Header Files">
      <UniqueIdentifier>{93995380-89BD-4b04-88EB-625FBE52EBFB}</UniqueIdentifier>
      <Extensions>h;hh;hpp;hxx;hm;inl;inc;xsd</Extensions>
    </Filter>
    <Filter Include="Resource Files">
      <UniqueIdentifier>{67DA6AB6-F800-4c08-8B7A-83BB121AAD01}</UniqueIdentifier>
      <Extensions>qrc;rc;ico;cur;bmp;dlg;rc2;rct;bin;rgs;gif;jpg;jpeg;jpe;resx;tiff;tif;png;wav;mfcribbon-ms</Extensions>
    </Filter>
    <Filter Include="Form Files">
      <UniqueIdentifier>{99349809-55BA-4b9d-BF79-8FDBB0286EB3}</UniqueIdentifier>
      <Extensions>ui</Extensions>
    </Filter>
    <Filter Include="Translation Files">
      <UniqueIdentifier>{639EADAA-A684-42e4-A9AD-28FC9BCB8F7C}</UniqueIdentifier>
      <Extensions>ts</Extensions>
    </Filter>
    <Filter Include="Header Files\Page">
      <UniqueIdentifier>{2c8269a3-3a74-4b31-bb8f-1c82745867b8}</UniqueIdentifier>
    </Filter>
    <Filter Include="Source Files\Page">
      <UniqueIdentifier>{a5441015-f487-4a6c-ab3c-68b5b2249bf5}</UniqueIdentifier>
    </Filter>
    <Filter Include="Source Files\Engine">
      <UniqueIdentifier>{f2856620-6d21-4cfc-b33d-0af67f6a0580}</UniqueIdentifier>
    </Filter>
    <Filter Include="Header Files\Engine">
      <UniqueIdentifier>{50099008-6a48-4f5c-a8e8-8d8785109cc3}</UniqueIdentifier>
    </Filter>
    <Filter Include="Header Files\UIComponent">
      <UniqueIdentifier>{59497e05-8156-48ea-b3c8-99171fc3d29e}</UniqueIdentifier>
    </Filter>
    <Filter Include="Source Files\UIComponent">
      <UniqueIdentifier>{2cce6692-b9ba-43dd-96fc-e336ff504b6e}</UniqueIdentifier>
    </Filter>
  </ItemGroup>
  <ItemGroup>
    <ClCompile Include="main.cpp">
      <Filter>Source Files</Filter>
    </ClCompile>
    <ClCompile Include="BasePage.cpp">
      <Filter>Source Files\Page</Filter>
    </ClCompile>
    <ClCompile Include="ProtectionSettingPage.cpp">
      <Filter>Source Files\Page</Filter>
    </ClCompile>
    <ClCompile Include="VirusScanPage.cpp">
      <Filter>Source Files\Page</Filter>
    </ClCompile>
    <ClCompile Include="LoggerPage.cpp">
      <Filter>Source Files\Page</Filter>
    </ClCompile>
    <ClCompile Include="WhitelistPage.cpp">
      <Filter>Source Files\Page</Filter>
    </ClCompile>
    <ClCompile Include="MainPage.cpp">
      <Filter>Source Files\Page</Filter>
    </ClCompile>
    <ClCompile Include="PublicFunction.cpp">
      <Filter>Source Files</Filter>
    </ClCompile>
    <ClCompile Include="ArchiveManager.cpp">
      <Filter>Source Files\Engine</Filter>
    </ClCompile>
    <ClCompile Include="Sandbox.cpp">
      <Filter>Source Files\Engine</Filter>
    </ClCompile>
    <ClCompile Include="BatchScan.h">
      <Filter>Header Files\Engine</Filter>
    </ClCompile>
    <ClCompile Include="ActiveIcon.cpp">
      <Filter>Source Files\UIComponent</Filter>
    </ClCompile>
    <ClCompile Include="MsgDialog.cpp">
      <Filter>Source Files\UIComponent</Filter>
    </ClCompile>
    <ClCompile Include="PasswordAskDialog.cpp">
      <Filter>Source Files\UIComponent</Filter>
    </ClCompile>
  </ItemGroup>
  <ItemGroup>
    <ClInclude Include="PublicIncluding.h">
      <Filter>Header Files</Filter>
    </ClInclude>
    <ClInclude Include="PublicPageFunction.h">
      <Filter>Header Files\Page</Filter>
    </ClInclude>
    <ClInclude Include="ProtectionSettingPage.h">
      <Filter>Header Files\Page</Filter>
    </ClInclude>
    <ClInclude Include="MainPage.h">
      <Filter>Header Files\Page</Filter>
    </ClInclude>
    <ClInclude Include="resource.h">
      <Filter>Header Files</Filter>
    </ClInclude>
    <ClInclude Include="PublicDefine.h">
      <Filter>Header Files</Filter>
    </ClInclude>
    <ClInclude Include="LoggerPage.h">
      <Filter>Header Files\Page</Filter>
    </ClInclude>
    <ClInclude Include="ArchiveManager.h">
      <Filter>Header Files\Engine</Filter>
    </ClInclude>
    <ClInclude Include="PEScan.h">
      <Filter>Header Files\Engine</Filter>
    </ClInclude>
    <ClInclude Include="Sandbox.h">
      <Filter>Header Files\Engine</Filter>
    </ClInclude>
  </ItemGroup>
  <ItemGroup>
    <QtMoc Include="LoggerPage.h">
      <Filter>Header Files\Page</Filter>
    </QtMoc>
    <QtMoc Include="WhitelistPage.h">
      <Filter>Header Files\Page</Filter>
    </QtMoc>
    <QtMoc Include="VirusScanPage.h">
      <Filter>Header Files\Page</Filter>
    </QtMoc>
    <QtMoc Include="PublicFunction.h">
      <Filter>Header Files</Filter>
    </QtMoc>
    <QtMoc Include="ActiveIcon.h">
      <Filter>Header Files\UIComponent</Filter>
    </QtMoc>
    <QtMoc Include="BrokeAnimation.h">
      <Filter>Header Files\UIComponent</Filter>
    </QtMoc>
    <QtMoc Include="MsgDialog.h">
      <Filter>Header Files\UIComponent</Filter>
    </QtMoc>
    <QtMoc Include="PasswordAskDialog.h">
      <Filter>Header Files\UIComponent</Filter>
    </QtMoc>
  </ItemGroup>
  <ItemGroup>
    <ResourceCompile Include="TianHong-Security-Defense.rc">
      <Filter>Resource Files</Filter>
    </ResourceCompile>
  </ItemGroup>
  <ItemGroup>
    <Image Include="..\x64\Release\Resources\Image\TianHong-Security-Defense.ico">
      <Filter>Resource Files</Filter>
    </Image>
  </ItemGroup>
</Project>